
Microsoft Visual Studio Solution File, Format Version 12.00
# Visual Studio Version 17
VisualStudioVersion = 17.4.33213.308
MinimumVisualStudioVersion = 10.0.40219.1
Project("{9A19103F-16F7-4668-BE54-9A1E7A4F7556}") = "valstatcsharp", "valstatcsharp.csproj", "{24D67C66-48B1-4FFB-A4C3-0AF9F49EDDA0}"
EndProject
Project("{2150E333-8FDC-42A3-9474-1A3956D46DE8}") = "Solution Items", "Solution Items", "{78A43F56-7B2F-4019-BA26-8CA5094B964C}"
	ProjectSection(SolutionItems) = preProject
		..\.gitignore = ..\.gitignore
		..\readme.md = ..\readme.md
	EndProjectSection
EndProject
Project("{8BC9CEB8-8B4A-11D0-8D11-00A0C91BC942}") = "valstat_dll", "D:\DEVL\GITHUB\VALSTAT\valstat_dll_specimen\valstat_dll.vcxproj", "{B5FB775B-FF5D-4F07-8ED7-E53EB063B304}"
EndProject
Global
	GlobalSection(SolutionConfigurationPlatforms) = preSolution
		Debug|x64 = Debug|x64
		Debug|x86 = Debug|x86
		Release|x64 = Release|x64
		Release|x86 = Release|x86
	EndGlobalSection
	GlobalSection(ProjectConfigurationPlatforms) = postSolution
		{24D67C66-48B1-4FFB-A4C3-0AF9F49EDDA0}.Debug|x64.ActiveCfg = Debug|Any CPU
		{24D67C66-48B1-4FFB-A4C3-0AF9F49EDDA0}.Debug|x64.Build.0 = Debug|Any CPU
		{24D67C66-48B1-4FFB-A4C3-0AF9F49EDDA0}.Debug|x86.ActiveCfg = Debug|Any CPU
		{24D67C66-48B1-4FFB-A4C3-0AF9F49EDDA0}.Debug|x86.Build.0 = Debug|Any CPU
		{24D67C66-48B1-4FFB-A4C3-0AF9F49EDDA0}.Release|x64.ActiveCfg = Release|Any CPU
		{24D67C66-48B1-4FFB-A4C3-0AF9F49EDDA0}.Release|x64.Build.0 = Release|Any CPU
		{24D67C66-48B1-4FFB-A4C3-0AF9F49EDDA0}.Release|x86.ActiveCfg = Release|Any CPU
		{24D67C66-48B1-4FFB-A4C3-0AF9F49EDDA0}.Release|x86.Build.0 = Release|Any CPU
		{B5FB775B-FF5D-4F07-8ED7-E53EB063B304}.Debug|x64.ActiveCfg = Debug|x64
		{B5FB775B-FF5D-4F07-8ED7-E53EB063B304}.Debug|x64.Build.0 = Debug|x64
		{B5FB775B-FF5D-4F07-8ED7-E53EB063B304}.Debug|x86.ActiveCfg = Debug|Win32
		{B5FB775B-FF5D-4F07-8ED7-E53EB063B304}.Debug|x86.Build.0 = Debug|Win32
		{B5FB775B-FF5D-4F07-8ED7-E53EB063B304}.Release|x64.ActiveCfg = Release|x64
		{B5FB775B-FF5D-4F07-8ED7-E53EB063B304}.Release|x64.Build.0 = Release|x64
		{B5FB775B-FF5D-4F07-8ED7-E53EB063B304}.Release|x86.ActiveCfg = Release|Win32
		{B5FB775B-FF5D-4F07-8ED7-E53EB063B304}.Release|x86.Build.0 = Release|Win32
	EndGlobalSection
	GlobalSection(SolutionProperties) = preSolution
		HideSolutionNode = FALSE
	EndGlobalSection
	GlobalSection(ExtensibilityGlobals) = postSolution
		SolutionGuid = {B6CD7B32-B661-4956-9A34-D21924D9AD28}
	EndGlobalSection
EndGlobal
